
Microsoft Visual Studio Solution File, Format Version 12.00
# Visual Studio Version 16
VisualStudioVersion = 16.0.31702.278
MinimumVisualStudioVersion = 10.0.40219.1
Project("{9A19103F-16F7-4668-BE54-9A1E7A4F7556}") = "Scrblr.Core", "Scrblr.Core\Scrblr.Core.csproj", "{F39BC8E7-4B33-4077-9999-891A354F03D5}"
EndProject
Project("{9A19103F-16F7-4668-BE54-9A1E7A4F7556}") = "Scrblr.Leaning", "Scrblr.Leaning\Scrblr.Leaning.csproj", "{4ADD13C3-FC1D-438D-9C2F-3A3435F36384}"
EndProject
Global
	GlobalSection(SolutionConfigurationPlatforms) = preSolution
		Debug|Any CPU = Debug|Any CPU
		Release|Any CPU = Release|Any CPU
	EndGlobalSection
	GlobalSection(ProjectConfigurationPlatforms) = postSolution
		{F39BC8E7-4B33-4077-9999-891A354F03D5}.Debug|Any CPU.ActiveCfg = Debug|Any CPU
		{F39BC8E7-4B33-4077-9999-891A354F03D5}.Debug|Any CPU.Build.0 = Debug|Any CPU
		{F39BC8E7-4B33-4077-9999-891A354F03D5}.Release|Any CPU.ActiveCfg = Release|Any CPU
		{F39BC8E7-4B33-4077-9999-891A354F03D5}.Release|Any CPU.Build.0 = Release|Any CPU
		{4ADD13C3-FC1D-438D-9C2F-3A3435F36384}.Debug|Any CPU.ActiveCfg = Debug|Any CPU
		{4ADD13C3-FC1D-438D-9C2F-3A3435F36384}.Debug|Any CPU.Build.0 = Debug|Any CPU
		{4ADD13C3-FC1D-438D-9C2F-3A3435F36384}.Release|Any CPU.ActiveCfg = Release|Any CPU
		{4ADD13C3-FC1D-438D-9C2F-3A3435F36384}.Release|Any CPU.Build.0 = Release|Any CPU
	EndGlobalSection
	GlobalSection(SolutionProperties) = preSolution
		HideSolutionNode = FALSE
	EndGlobalSection
	GlobalSection(ExtensibilityGlobals) = postSolution
		SolutionGuid = {6998A546-7357-471D-B4A5-70528F133FC5}
	EndGlobalSection
EndGlobal
